// !$*UTF8*$!
{
	archiveVersion = 1;
	classes = {
	};
	objectVersion = 46;
	objects = {

/* Begin PBXBuildFile section */
		354C60F51D76A6650091AA92 /* AppDelegate.swift in Sources */ = {isa = PBXBuildFile; fileRef = 354C60F41D76A6650091AA92 /* AppDelegate.swift */; };
		354C60FA1D76A6650091AA92 /* Main.storyboard in Resources */ = {isa = PBXBuildFile; fileRef = 354C60F81D76A6650091AA92 /* Main.storyboard */; };
		354C60FC1D76A6650091AA92 /* Assets.xcassets in Resources */ = {isa = PBXBuildFile; fileRef = 354C60FB1D76A6650091AA92 /* Assets.xcassets */; };
		354C60FF1D76A6650091AA92 /* LaunchScreen.storyboard in Resources */ = {isa = PBXBuildFile; fileRef = 354C60FD1D76A6650091AA92 /* LaunchScreen.storyboard */; };
		354C61131D76B2180091AA92 /* CSS.swift in Sources */ = {isa = PBXBuildFile; fileRef = 354C610E1D76B2180091AA92 /* CSS.swift */; };
		354C61141D76B2180091AA92 /* Kanna.swift in Sources */ = {isa = PBXBuildFile; fileRef = 354C610F1D76B2180091AA92 /* Kanna.swift */; };
		354C61151D76B2180091AA92 /* libxmlHTMLDocument.swift in Sources */ = {isa = PBXBuildFile; fileRef = 354C61101D76B2180091AA92 /* libxmlHTMLDocument.swift */; };
		354C61161D76B2180091AA92 /* libxmlHTMLNode.swift in Sources */ = {isa = PBXBuildFile; fileRef = 354C61111D76B2180091AA92 /* libxmlHTMLNode.swift */; };
		354C61171D76B2180091AA92 /* libxmlParserOption.swift in Sources */ = {isa = PBXBuildFile; fileRef = 354C61121D76B2180091AA92 /* libxmlParserOption.swift */; };
		354C611A1D7B957F0091AA92 /* StationTableViewCell.swift in Sources */ = {isa = PBXBuildFile; fileRef = 354C61191D7B957F0091AA92 /* StationTableViewCell.swift */; };
		354C611C1D7BDA060091AA92 /* StationTableViewController.swift in Sources */ = {isa = PBXBuildFile; fileRef = 354C611B1D7BDA060091AA92 /* StationTableViewController.swift */; };
		354C611E1D7BDA680091AA92 /* Station.swift in Sources */ = {isa = PBXBuildFile; fileRef = 354C611D1D7BDA680091AA92 /* Station.swift */; };
		354C61221D7D0EF40091AA92 /* AVFoundation.framework in Frameworks */ = {isa = PBXBuildFile; fileRef = 354C61211D7D0EF40091AA92 /* AVFoundation.framework */; };
		354C61241D7D0F130091AA92 /* SystemConfiguration.framework in Frameworks */ = {isa = PBXBuildFile; fileRef = 354C61231D7D0F130091AA92 /* SystemConfiguration.framework */; };
		35BBAD251D95E22C002A9FAE /* PlaylistTableViewController.swift in Sources */ = {isa = PBXBuildFile; fileRef = 35BBAD241D95E22C002A9FAE /* PlaylistTableViewController.swift */; };
		35BBAD271D95E526002A9FAE /* PlaylistTableViewCell.swift in Sources */ = {isa = PBXBuildFile; fileRef = 35BBAD261D95E526002A9FAE /* PlaylistTableViewCell.swift */; };
		9E18687C1EE686FD0008E98F /* MBFingerTipWindow.m in Sources */ = {isa = PBXBuildFile; fileRef = 9E18687B1EE686FD0008E98F /* MBFingerTipWindow.m */; };
		9EE060D51EE38D4E009BB2EF /* SpotifyAuthentication.framework in Frameworks */ = {isa = PBXBuildFile; fileRef = 9EE060D31EE38D4E009BB2EF /* SpotifyAuthentication.framework */; };
		9EE060D61EE38D4E009BB2EF /* SpotifyMetadata.framework in Frameworks */ = {isa = PBXBuildFile; fileRef = 9EE060D41EE38D4E009BB2EF /* SpotifyMetadata.framework */; };
/* End PBXBuildFile section */

/* Begin PBXFileReference section */
		354C60F11D76A6650091AA92 /* RadioScanner.app */ = {isa = PBXFileReference; explicitFileType = wrapper.application; includeInIndex = 0; path = RadioScanner.app; sourceTree = BUILT_PRODUCTS_DIR; };
		354C60F41D76A6650091AA92 /* AppDelegate.swift */ = {isa = PBXFileReference; lastKnownFileType = sourcecode.swift; path = AppDelegate.swift; sourceTree = "<group>"; };
		354C60F91D76A6650091AA92 /* Base */ = {isa = PBXFileReference; lastKnownFileType = file.storyboard; name = Base; path = Base.lproj/Main.storyboard; sourceTree = "<group>"; };
		354C60FB1D76A6650091AA92 /* Assets.xcassets */ = {isa = PBXFileReference; lastKnownFileType = folder.assetcatalog; path = Assets.xcassets; sourceTree = "<group>"; };
		354C60FE1D76A6650091AA92 /* Base */ = {isa = PBXFileReference; lastKnownFileType = file.storyboard; name = Base; path = Base.lproj/LaunchScreen.storyboard; sourceTree = "<group>"; };
		354C61001D76A6650091AA92 /* Info.plist */ = {isa = PBXFileReference; lastKnownFileType = text.plist.xml; path = Info.plist; sourceTree = "<group>"; };
		354C610E1D76B2180091AA92 /* CSS.swift */ = {isa = PBXFileReference; fileEncoding = 4; lastKnownFileType = sourcecode.swift; path = CSS.swift; sourceTree = "<group>"; };
		354C610F1D76B2180091AA92 /* Kanna.swift */ = {isa = PBXFileReference; fileEncoding = 4; lastKnownFileType = sourcecode.swift; path = Kanna.swift; sourceTree = "<group>"; };
		354C61101D76B2180091AA92 /* libxmlHTMLDocument.swift */ = {isa = PBXFileReference; fileEncoding = 4; lastKnownFileType = sourcecode.swift; path = libxmlHTMLDocument.swift; sourceTree = "<group>"; };
		354C61111D76B2180091AA92 /* libxmlHTMLNode.swift */ = {isa = PBXFileReference; fileEncoding = 4; lastKnownFileType = sourcecode.swift; path = libxmlHTMLNode.swift; sourceTree = "<group>"; };
		354C61121D76B2180091AA92 /* libxmlParserOption.swift */ = {isa = PBXFileReference; fileEncoding = 4; lastKnownFileType = sourcecode.swift; path = libxmlParserOption.swift; sourceTree = "<group>"; };
		354C61181D76B3AB0091AA92 /* RadioScanner-Bridging-Header.h */ = {isa = PBXFileReference; fileEncoding = 4; lastKnownFileType = sourcecode.c.h; path = "RadioScanner-Bridging-Header.h"; sourceTree = "<group>"; };
		354C61191D7B957F0091AA92 /* StationTableViewCell.swift */ = {isa = PBXFileReference; fileEncoding = 4; lastKnownFileType = sourcecode.swift; path = StationTableViewCell.swift; sourceTree = "<group>"; };
		354C611B1D7BDA060091AA92 /* StationTableViewController.swift */ = {isa = PBXFileReference; fileEncoding = 4; lastKnownFileType = sourcecode.swift; path = StationTableViewController.swift; sourceTree = "<group>"; };
		354C611D1D7BDA680091AA92 /* Station.swift */ = {isa = PBXFileReference; fileEncoding = 4; lastKnownFileType = sourcecode.swift; path = Station.swift; sourceTree = "<group>"; };
		354C61211D7D0EF40091AA92 /* AVFoundation.framework */ = {isa = PBXFileReference; lastKnownFileType = wrapper.framework; name = AVFoundation.framework; path = System/Library/Frameworks/AVFoundation.framework; sourceTree = SDKROOT; };
		354C61231D7D0F130091AA92 /* SystemConfiguration.framework */ = {isa = PBXFileReference; lastKnownFileType = wrapper.framework; name = SystemConfiguration.framework; path = System/Library/Frameworks/SystemConfiguration.framework; sourceTree = SDKROOT; };
		35BBAD241D95E22C002A9FAE /* PlaylistTableViewController.swift */ = {isa = PBXFileReference; fileEncoding = 4; lastKnownFileType = sourcecode.swift; path = PlaylistTableViewController.swift; sourceTree = "<group>"; };
		35BBAD261D95E526002A9FAE /* PlaylistTableViewCell.swift */ = {isa = PBXFileReference; fileEncoding = 4; lastKnownFileType = sourcecode.swift; path = PlaylistTableViewCell.swift; sourceTree = "<group>"; };
		9E18687A1EE686FD0008E98F /* MBFingerTipWindow.h */ = {isa = PBXFileReference; fileEncoding = 4; lastKnownFileType = sourcecode.c.h; path = MBFingerTipWindow.h; sourceTree = "<group>"; };
		9E18687B1EE686FD0008E98F /* MBFingerTipWindow.m */ = {isa = PBXFileReference; fileEncoding = 4; lastKnownFileType = sourcecode.c.objc; path = MBFingerTipWindow.m; sourceTree = "<group>"; };
		9EE060D31EE38D4E009BB2EF /* SpotifyAuthentication.framework */ = {isa = PBXFileReference; lastKnownFileType = wrapper.framework; name = SpotifyAuthentication.framework; path = RadioScanner/SpotifyAuthentication.framework; sourceTree = "<group>"; };
		9EE060D41EE38D4E009BB2EF /* SpotifyMetadata.framework */ = {isa = PBXFileReference; lastKnownFileType = wrapper.framework; name = SpotifyMetadata.framework; path = RadioScanner/SpotifyMetadata.framework; sourceTree = "<group>"; };
/* End PBXFileReference section */

/* Begin PBXFrameworksBuildPhase section */
		354C60EE1D76A6650091AA92 /* Frameworks */ = {
			isa = PBXFrameworksBuildPhase;
			buildActionMask = 2147483647;
			files = (
				9EE060D61EE38D4E009BB2EF /* SpotifyMetadata.framework in Frameworks */,
				354C61241D7D0F130091AA92 /* SystemConfiguration.framework in Frameworks */,
				9EE060D51EE38D4E009BB2EF /* SpotifyAuthentication.framework in Frameworks */,
				354C61221D7D0EF40091AA92 /* AVFoundation.framework in Frameworks */,
			);
			runOnlyForDeploymentPostprocessing = 0;
		};
/* End PBXFrameworksBuildPhase section */

/* Begin PBXGroup section */
		354C60E81D76A6650091AA92 = {
			isa = PBXGroup;
			children = (
				9EE060D31EE38D4E009BB2EF /* SpotifyAuthentication.framework */,
				9EE060D41EE38D4E009BB2EF /* SpotifyMetadata.framework */,
				354C61231D7D0F130091AA92 /* SystemConfiguration.framework */,
				354C61211D7D0EF40091AA92 /* AVFoundation.framework */,
				354C60F31D76A6650091AA92 /* RadioScanner */,
				354C60F21D76A6650091AA92 /* Products */,
			);
			sourceTree = "<group>";
		};
		354C60F21D76A6650091AA92 /* Products */ = {
			isa = PBXGroup;
			children = (
				354C60F11D76A6650091AA92 /* RadioScanner.app */,
			);
			name = Products;
			sourceTree = "<group>";
		};
		354C60F31D76A6650091AA92 /* RadioScanner */ = {
			isa = PBXGroup;
			children = (
				9E18687A1EE686FD0008E98F /* MBFingerTipWindow.h */,
				9E18687B1EE686FD0008E98F /* MBFingerTipWindow.m */,
				354C61181D76B3AB0091AA92 /* RadioScanner-Bridging-Header.h */,
				354C60F41D76A6650091AA92 /* AppDelegate.swift */,
				354C60F81D76A6650091AA92 /* Main.storyboard */,
				35BBAD241D95E22C002A9FAE /* PlaylistTableViewController.swift */,
				354C611B1D7BDA060091AA92 /* StationTableViewController.swift */,
				354C611D1D7BDA680091AA92 /* Station.swift */,
				354C61191D7B957F0091AA92 /* StationTableViewCell.swift */,
				35BBAD261D95E526002A9FAE /* PlaylistTableViewCell.swift */,
				354C610E1D76B2180091AA92 /* CSS.swift */,
				354C610F1D76B2180091AA92 /* Kanna.swift */,
				354C61101D76B2180091AA92 /* libxmlHTMLDocument.swift */,
				354C61111D76B2180091AA92 /* libxmlHTMLNode.swift */,
				354C61121D76B2180091AA92 /* libxmlParserOption.swift */,
				354C60FB1D76A6650091AA92 /* Assets.xcassets */,
				354C60FD1D76A6650091AA92 /* LaunchScreen.storyboard */,
				354C61001D76A6650091AA92 /* Info.plist */,
			);
			path = RadioScanner;
			sourceTree = "<group>";
		};
/* End PBXGroup section */

/* Begin PBXNativeTarget section */
		354C60F01D76A6650091AA92 /* RadioScanner */ = {
			isa = PBXNativeTarget;
			buildConfigurationList = 354C61031D76A6650091AA92 /* Build configuration list for PBXNativeTarget "RadioScanner" */;
			buildPhases = (
				354C60ED1D76A6650091AA92 /* Sources */,
				354C60EE1D76A6650091AA92 /* Frameworks */,
				354C60EF1D76A6650091AA92 /* Resources */,
			);
			buildRules = (
			);
			dependencies = (
			);
			name = RadioScanner;
			productName = RadioScanner;
			productReference = 354C60F11D76A6650091AA92 /* RadioScanner.app */;
			productType = "com.apple.product-type.application";
		};
/* End PBXNativeTarget section */

/* Begin PBXProject section */
		354C60E91D76A6650091AA92 /* Project object */ = {
			isa = PBXProject;
			attributes = {
				LastSwiftUpdateCheck = 0730;
				LastUpgradeCheck = 0730;
				ORGANIZATIONNAME = "Immanuel Thomas";
				TargetAttributes = {
					354C60F01D76A6650091AA92 = {
						CreatedOnToolsVersion = 7.3.1;
						DevelopmentTeam = 8YG2KZF3X7;
					};
				};
			};
			buildConfigurationList = 354C60EC1D76A6650091AA92 /* Build configuration list for PBXProject "RadioScanner" */;
			compatibilityVersion = "Xcode 3.2";
			developmentRegion = English;
			hasScannedForEncodings = 0;
			knownRegions = (
				en,
				Base,
			);
			mainGroup = 354C60E81D76A6650091AA92;
			productRefGroup = 354C60F21D76A6650091AA92 /* Products */;
			projectDirPath = "";
			projectRoot = "";
			targets = (
				354C60F01D76A6650091AA92 /* RadioScanner */,
			);
		};
/* End PBXProject section */

/* Begin PBXResourcesBuildPhase section */
		354C60EF1D76A6650091AA92 /* Resources */ = {
			isa = PBXResourcesBuildPhase;
			buildActionMask = 2147483647;
			files = (
				354C60FF1D76A6650091AA92 /* LaunchScreen.storyboard in Resources */,
				354C60FC1D76A6650091AA92 /* Assets.xcassets in Resources */,
				354C60FA1D76A6650091AA92 /* Main.storyboard in Resources */,
			);
			runOnlyForDeploymentPostprocessing = 0;
		};
/* End PBXResourcesBuildPhase section */

/* Begin PBXSourcesBuildPhase section */
		354C60ED1D76A6650091AA92 /* Sources */ = {
			isa = PBXSourcesBuildPhase;
			buildActionMask = 2147483647;
			files = (
				354C61171D76B2180091AA92 /* libxmlParserOption.swift in Sources */,
				354C611A1D7B957F0091AA92 /* StationTableViewCell.swift in Sources */,
				35BBAD271D95E526002A9FAE /* PlaylistTableViewCell.swift in Sources */,
				354C60F51D76A6650091AA92 /* AppDelegate.swift in Sources */,
				354C61161D76B2180091AA92 /* libxmlHTMLNode.swift in Sources */,
				9E18687C1EE686FD0008E98F /* MBFingerTipWindow.m in Sources */,
				354C61151D76B2180091AA92 /* libxmlHTMLDocument.swift in Sources */,
				354C611E1D7BDA680091AA92 /* Station.swift in Sources */,
				35BBAD251D95E22C002A9FAE /* PlaylistTableViewController.swift in Sources */,
				354C61131D76B2180091AA92 /* CSS.swift in Sources */,
				354C611C1D7BDA060091AA92 /* StationTableViewController.swift in Sources */,
				354C61141D76B2180091AA92 /* Kanna.swift in Sources */,
			);
			runOnlyForDeploymentPostprocessing = 0;
		};
/* End PBXSourcesBuildPhase section */

/* Begin PBXVariantGroup section */
		354C60F81D76A6650091AA92 /* Main.storyboard */ = {
			isa = PBXVariantGroup;
			children = (
				354C60F91D76A6650091AA92 /* Base */,
			);
			name = Main.storyboard;
			sourceTree = "<group>";
		};
		354C60FD1D76A6650091AA92 /* LaunchScreen.storyboard */ = {
			isa = PBXVariantGroup;
			children = (
				354C60FE1D76A6650091AA92 /* Base */,
			);
			name = LaunchScreen.storyboard;
			sourceTree = "<group>";
		};
/* End PBXVariantGroup section */

/* Begin XCBuildConfiguration section */
		354C61011D76A6650091AA92 /* Debug */ = {
			isa = XCBuildConfiguration;
			buildSettings = {
				ALWAYS_SEARCH_USER_PATHS = NO;
				CLANG_ANALYZER_NONNULL = YES;
				CLANG_CXX_LANGUAGE_STANDARD = "gnu++0x";
				CLANG_CXX_LIBRARY = "libc++";
				CLANG_ENABLE_MODULES = YES;
				CLANG_ENABLE_OBJC_ARC = YES;
				CLANG_WARN_BOOL_CONVERSION = YES;
				CLANG_WARN_CONSTANT_CONVERSION = YES;
				CLANG_WARN_DIRECT_OBJC_ISA_USAGE = YES_ERROR;
				CLANG_WARN_EMPTY_BODY = YES;
				CLANG_WARN_ENUM_CONVERSION = YES;
				CLANG_WARN_INT_CONVERSION = YES;
				CLANG_WARN_OBJC_ROOT_CLASS = YES_ERROR;
				CLANG_WARN_UNREACHABLE_CODE = YES;
				CLANG_WARN__DUPLICATE_METHOD_MATCH = YES;
				"CODE_SIGN_IDENTITY[sdk=iphoneos*]" = "iPhone Developer";
				COPY_PHASE_STRIP = NO;
				DEBUG_INFORMATION_FORMAT = dwarf;
				ENABLE_STRICT_OBJC_MSGSEND = YES;
				ENABLE_TESTABILITY = YES;
				GCC_C_LANGUAGE_STANDARD = gnu99;
				GCC_DYNAMIC_NO_PIC = NO;
				GCC_NO_COMMON_BLOCKS = YES;
				GCC_OPTIMIZATION_LEVEL = 0;
				GCC_PREPROCESSOR_DEFINITIONS = (
					"DEBUG=1",
					"$(inherited)",
				);
				GCC_WARN_64_TO_32_BIT_CONVERSION = YES;
				GCC_WARN_ABOUT_RETURN_TYPE = YES_ERROR;
				GCC_WARN_UNDECLARED_SELECTOR = YES;
				GCC_WARN_UNINITIALIZED_AUTOS = YES_AGGRESSIVE;
				GCC_WARN_UNUSED_FUNCTION = YES;
				GCC_WARN_UNUSED_VARIABLE = YES;
				IPHONEOS_DEPLOYMENT_TARGET = 9.3;
				MTL_ENABLE_DEBUG_INFO = YES;
				ONLY_ACTIVE_ARCH = YES;
				SDKROOT = iphoneos;
				SWIFT_OPTIMIZATION_LEVEL = "-Onone";
				TARGETED_DEVICE_FAMILY = "1,2";
			};
			name = Debug;
		};
		354C61021D76A6650091AA92 /* Release */ = {
			isa = XCBuildConfiguration;
			buildSettings = {
				ALWAYS_SEARCH_USER_PATHS = NO;
				CLANG_ANALYZER_NONNULL = YES;
				CLANG_CXX_LANGUAGE_STANDARD = "gnu++0x";
				CLANG_CXX_LIBRARY = "libc++";
				CLANG_ENABLE_MODULES = YES;
				CLANG_ENABLE_OBJC_ARC = YES;
				CLANG_WARN_BOOL_CONVERSION = YES;
				CLANG_WARN_CONSTANT_CONVERSION = YES;
				CLANG_WARN_DIRECT_OBJC_ISA_USAGE = YES_ERROR;
				CLANG_WARN_EMPTY_BODY = YES;
				CLANG_WARN_ENUM_CONVERSION = YES;
				CLANG_WARN_INT_CONVERSION = YES;
				CLANG_WARN_OBJC_ROOT_CLASS = YES_ERROR;
				CLANG_WARN_UNREACHABLE_CODE = YES;
				CLANG_WARN__DUPLICATE_METHOD_MATCH = YES;
				"CODE_SIGN_IDENTITY[sdk=iphoneos*]" = "iPhone Developer";
				COPY_PHASE_STRIP = NO;
				DEBUG_INFORMATION_FORMAT = "dwarf-with-dsym";
				ENABLE_NS_ASSERTIONS = NO;
				ENABLE_STRICT_OBJC_MSGSEND = YES;
				GCC_C_LANGUAGE_STANDARD = gnu99;
				GCC_NO_COMMON_BLOCKS = YES;
				GCC_WARN_64_TO_32_BIT_CONVERSION = YES;
				GCC_WARN_ABOUT_RETURN_TYPE = YES_ERROR;
				GCC_WARN_UNDECLARED_SELECTOR = YES;
				GCC_WARN_UNINITIALIZED_AUTOS = YES_AGGRESSIVE;
				GCC_WARN_UNUSED_FUNCTION = YES;
				GCC_WARN_UNUSED_VARIABLE = YES;
				IPHONEOS_DEPLOYMENT_TARGET = 9.3;
				MTL_ENABLE_DEBUG_INFO = NO;
				SDKROOT = iphoneos;
				TARGETED_DEVICE_FAMILY = "1,2";
				VALIDATE_PRODUCT = YES;
			};
			name = Release;
		};
		354C61041D76A6650091AA92 /* Debug */ = {
			isa = XCBuildConfiguration;
			buildSettings = {
				ASSETCATALOG_COMPILER_APPICON_NAME = AppIcon;
				CODE_SIGN_IDENTITY = "iPhone Developer";
				"CODE_SIGN_IDENTITY[sdk=iphoneos*]" = "iPhone Developer";
				FRAMEWORK_SEARCH_PATHS = (
					"$(inherited)",
					"$(PROJECT_DIR)/RadioScanner",
				);
				HEADER_SEARCH_PATHS = "$(SDKROOT)/usr/include/libxml2";
				INFOPLIST_FILE = RadioScanner/Info.plist;
				LD_RUNPATH_SEARCH_PATHS = "$(inherited) @executable_path/Frameworks";
				OTHER_LDFLAGS = (
					"-lxml2",
					"-ObjC",
				);
				PRODUCT_BUNDLE_IDENTIFIER = com.radioscanner.RadioScanner;
				PRODUCT_NAME = "$(TARGET_NAME)";
				PROVISIONING_PROFILE = "";
				SWIFT_OBJC_BRIDGING_HEADER = "RadioScanner/RadioScanner-Bridging-Header.h";
			};
			name = Debug;
		};
		354C61051D76A6650091AA92 /* Release */ = {
			isa = XCBuildConfiguration;
			buildSettings = {
				ASSETCATALOG_COMPILER_APPICON_NAME = AppIcon;
				CODE_SIGN_IDENTITY = "iPhone Developer";
				"CODE_SIGN_IDENTITY[sdk=iphoneos*]" = "iPhone Developer";
				FRAMEWORK_SEARCH_PATHS = (
					"$(inherited)",
					"$(PROJECT_DIR)/RadioScanner",
				);
				HEADER_SEARCH_PATHS = "$(SDKROOT)/usr/include/libxml2";
				INFOPLIST_FILE = RadioScanner/Info.plist;
				LD_RUNPATH_SEARCH_PATHS = "$(inherited) @executable_path/Frameworks";
				OTHER_LDFLAGS = (
					"-lxml2",
					"-ObjC",
				);
				PRODUCT_BUNDLE_IDENTIFIER = com.radioscanner.RadioScanner;
				PRODUCT_NAME = "$(TARGET_NAME)";
				PROVISIONING_PROFILE = "";
				SWIFT_OBJC_BRIDGING_HEADER = "RadioScanner/RadioScanner-Bridging-Header.h";
			};
			name = Release;
		};
/* End XCBuildConfiguration section */

/* Begin XCConfigurationList section */
		354C60EC1D76A6650091AA92 /* Build configuration list for PBXProject "RadioScanner" */ = {
			isa = XCConfigurationList;
			buildConfigurations = (
				354C61011D76A6650091AA92 /* Debug */,
				354C61021D76A6650091AA92 /* Release */,
			);
			defaultConfigurationIsVisible = 0;
			defaultConfigurationName = Release;
		};
		354C61031D76A6650091AA92 /* Build configuration list for PBXNativeTarget "RadioScanner" */ = {
			isa = XCConfigurationList;
			buildConfigurations = (
				354C61041D76A6650091AA92 /* Debug */,
				354C61051D76A6650091AA92 /* Release */,
			);
			defaultConfigurationIsVisible = 0;
			defaultConfigurationName = Release;
		};
/* End XCConfigurationList section */
	};
	rootObject = 354C60E91D76A6650091AA92 /* Project object */;
}
